<?xml version="1.0" encoding="utf-8"?>
<Project ToolsVersion="4.0" xmlns="http://schemas.microsoft.com/developer/msbuild/2003">
  <ItemGroup>
    <Filter Include="Source Files">
      <UniqueIdentifier>{4FC737F1-C7A5-4376-A066-2A32D752A2FF}</UniqueIdentifier>
      <Extensions>cpp;c;cc;cxx;c++;cppm;ixx;def;odl;idl;hpj;bat;asm;asmx</Extensions>
    </Filter>
    <Filter Include="Header Files">
      <UniqueIdentifier>{93995380-89BD-4b04-88EB-625FBE52EBFB}</UniqueIdentifier>
      <Extensions>h;hh;hpp;hxx;h++;hm;inl;inc;ipp;xsd</Extensions>
    </Filter>
    <Filter Include="Resource Files">
      <UniqueIdentifier>{67DA6AB6-F800-4c08-8B7A-83BB121AAD01}</UniqueIdentifier>
      <Extensions>rc;ico;cur;bmp;dlg;rc2;rct;bin;rgs;gif;jpg;jpeg;jpe;resx;tiff;tif;png;wav;mfcribbon-ms</Extensions>
    </Filter>
    <Filter Include="Source Files\Shapes">
      <UniqueIdentifier>{a34febe4-c0e7-4bb6-a150-cd3d9645d6e7}</UniqueIdentifier>
    </Filter>
    <Filter Include="Source Files\Shaders">
      <UniqueIdentifier>{4dab86a2-5c13-412a-b1ea-f9cffe1e0db8}</UniqueIdentifier>
    </Filter>
    <Filter Include="Header Files\Shapes">
      <UniqueIdentifier>{442e2fcb-bf9c-4442-aa06-e65d9446cb8c}</UniqueIdentifier>
    </Filter>
    <Filter Include="Header Files\Shapes\Interfaces">
      <UniqueIdentifier>{57fc4d4f-f6c8-4fad-b700-96e52be68a4f}</UniqueIdentifier>
    </Filter>
    <Filter Include="Source Files\Shapes\BaseClasses">
      <UniqueIdentifier>{2b75aa2b-e7cc-402f-8374-24645d088386}</UniqueIdentifier>
    </Filter>
    <Filter Include="Header Files\Camera">
      <UniqueIdentifier>{9fb8d6c3-be3d-45ad-b156-cd5679b07549}</UniqueIdentifier>
    </Filter>
    <Filter Include="Source Files\Camera">
      <UniqueIdentifier>{5b150b0b-9b79-437c-9eae-d832606ec29b}</UniqueIdentifier>
    </Filter>
    <Filter Include="Header Files\Helpers">
      <UniqueIdentifier>{d47af297-5fec-41ca-b9ea-10c65d71ce3b}</UniqueIdentifier>
    </Filter>
  </ItemGroup>
  <ItemGroup>
    <ClCompile Include="dxStructures.cpp">
      <Filter>Resource Files</Filter>
    </ClCompile>
    <ClCompile Include="exceptions.cpp">
      <Filter>Resource Files</Filter>
    </ClCompile>
    <ClCompile Include="window.cpp">
      <Filter>Resource Files</Filter>
    </ClCompile>
    <ClCompile Include="dxDevice.cpp">
      <Filter>Resource Files</Filter>
    </ClCompile>
    <ClCompile Include="application.cpp">
      <Filter>Source Files</Filter>
    </ClCompile>
    <ClCompile Include="main.cpp">
      <Filter>Source Files</Filter>
    </ClCompile>
    <ClCompile Include="Cube.cpp">
      <Filter>Source Files\Shapes</Filter>
    </ClCompile>
    <ClCompile Include="Cone.cpp">
      <Filter>Source Files\Shapes</Filter>
    </ClCompile>
    <ClCompile Include="Drawable.cpp">
      <Filter>Source Files\Shapes\BaseClasses</Filter>
    </ClCompile>
    <ClCompile Include="ArcCameraModel.cpp">
      <Filter>Source Files\Camera</Filter>
    </ClCompile>
  </ItemGroup>
  <ItemGroup>
    <ClInclude Include="dxptr.h">
      <Filter>Resource Files</Filter>
    </ClInclude>
    <ClInclude Include="dxStructures.h">
      <Filter>Resource Files</Filter>
    </ClInclude>
    <ClInclude Include="exceptions.h">
      <Filter>Resource Files</Filter>
    </ClInclude>
    <ClInclude Include="window.h">
      <Filter>Resource Files</Filter>
    </ClInclude>
    <ClInclude Include="dxDevice.h">
      <Filter>Resource Files</Filter>
    </ClInclude>
    <ClInclude Include="application.h">
      <Filter>Header Files</Filter>
    </ClInclude>
    <ClInclude Include="Cone.h">
      <Filter>Header Files\Shapes</Filter>
    </ClInclude>
    <ClInclude Include="Cube.h">
      <Filter>Header Files\Shapes</Filter>
    </ClInclude>
    <ClInclude Include="Drawable.h">
      <Filter>Header Files\Shapes\Interfaces</Filter>
    </ClInclude>
    <ClInclude Include="ArcCameraModel.h">
      <Filter>Header Files\Camera</Filter>
    </ClInclude>
    <ClInclude Include="Helpers.h">
      <Filter>Header Files\Helpers</Filter>
    </ClInclude>
  </ItemGroup>
  <ItemGroup>
    <FxCompile Include="ps.hlsl">
      <Filter>Source Files\Shaders</Filter>
    </FxCompile>
    <FxCompile Include="vs.hlsl">
      <Filter>Source Files\Shaders</Filter>
    </FxCompile>
  </ItemGroup>
  <ItemGroup>
    <None Include="VSOut.hlsli">
      <Filter>Source Files\Shaders</Filter>
    </None>
  </ItemGroup>
</Project>