<?xml version="1.0" encoding="utf-8"?>
<Project ToolsVersion="4.0" xmlns="http://schemas.microsoft.com/developer/msbuild/2003">
  <ItemGroup>
    <Filter Include="Source Files">
      <UniqueIdentifier>{4FC737F1-C7A5-4376-A066-2A32D752A2FF}</UniqueIdentifier>
      <Extensions>cpp;c;cc;cxx;c++;cppm;ixx;def;odl;idl;hpj;bat;asm;asmx</Extensions>
    </Filter>
    <Filter Include="Header Files">
      <UniqueIdentifier>{93995380-89BD-4b04-88EB-625FBE52EBFB}</UniqueIdentifier>
      <Extensions>h;hh;hpp;hxx;h++;hm;inl;inc;ipp;xsd</Extensions>
    </Filter>
    <Filter Include="Header Files\Camera">
      <UniqueIdentifier>{9fb8d6c3-be3d-45ad-b156-cd5679b07549}</UniqueIdentifier>
    </Filter>
    <Filter Include="Source Files\Camera">
      <UniqueIdentifier>{5b150b0b-9b79-437c-9eae-d832606ec29b}</UniqueIdentifier>
    </Filter>
    <Filter Include="Header Files\Helpers">
      <UniqueIdentifier>{d47af297-5fec-41ca-b9ea-10c65d71ce3b}</UniqueIdentifier>
    </Filter>
    <Filter Include="Header Files\Windows">
      <UniqueIdentifier>{c620d21c-b3b0-4027-b8b0-a65cf323c461}</UniqueIdentifier>
    </Filter>
    <Filter Include="Resource Files">
      <UniqueIdentifier>{67DA6AB6-F800-4c08-8B7A-83BB121AAD01}</UniqueIdentifier>
      <Extensions>rc;ico;cur;bmp;dlg;rc2;rct;bin;rgs;gif;jpg;jpeg;jpe;resx;tiff;tif;png;wav;mfcribbon-ms</Extensions>
    </Filter>
    <Filter Include="Source Files\Windows">
      <UniqueIdentifier>{81ae7849-1221-4a6c-b878-d8dcda23cc1c}</UniqueIdentifier>
    </Filter>
    <Filter Include="Source Files\EventsHandlers">
      <UniqueIdentifier>{40883cc6-7405-4a6d-af92-4fa654732a54}</UniqueIdentifier>
    </Filter>
    <Filter Include="Source Files\Shaders">
      <UniqueIdentifier>{4dab86a2-5c13-412a-b1ea-f9cffe1e0db8}</UniqueIdentifier>
    </Filter>
    <Filter Include="Header Files\Scene">
      <UniqueIdentifier>{1a8b1c73-18bf-4272-84ae-6583684f9f08}</UniqueIdentifier>
    </Filter>
    <Filter Include="Source Files\Scene">
      <UniqueIdentifier>{931913be-e1f2-4e51-890d-6401b3f412ef}</UniqueIdentifier>
    </Filter>
    <Filter Include="Header Files\Buffers">
      <UniqueIdentifier>{9aaf337d-1dab-467f-aabc-9a8df62e5b70}</UniqueIdentifier>
    </Filter>
    <Filter Include="Header Files\Shaders">
      <UniqueIdentifier>{1c88e624-84c6-4c26-9823-66cfb3c44b55}</UniqueIdentifier>
    </Filter>
    <Filter Include="Header Files\Mesh">
      <UniqueIdentifier>{2c489980-19c5-499c-91c1-bc891257d449}</UniqueIdentifier>
    </Filter>
    <Filter Include="Source Files\Mesh">
      <UniqueIdentifier>{bc543cd8-d5db-4f4d-b1e5-3dc12d6f0c0d}</UniqueIdentifier>
    </Filter>
    <Filter Include="Source Files\Helpers">
      <UniqueIdentifier>{410f3a88-879c-462d-96ce-f54da33a6249}</UniqueIdentifier>
    </Filter>
    <Filter Include="Header Files\EventsHandlers">
      <UniqueIdentifier>{0c423b19-f6d5-4d2a-ab03-9f374e16121c}</UniqueIdentifier>
    </Filter>
    <Filter Include="Source Files\Shaders\Bezier">
      <UniqueIdentifier>{8c3daec4-389d-4249-89e2-6d1f9f74cd62}</UniqueIdentifier>
    </Filter>
    <Filter Include="Header Files\Shaders\Bezier">
      <UniqueIdentifier>{4895a159-d809-49fb-8125-7f2fd95958ea}</UniqueIdentifier>
    </Filter>
    <Filter Include="Header Files\Camera\CameraMovement">
      <UniqueIdentifier>{b92e5dda-3ef5-4aa9-8032-6bb8ded03a49}</UniqueIdentifier>
    </Filter>
    <Filter Include="Header Files\Names">
      <UniqueIdentifier>{e81c56c3-33d2-436c-b96a-a5a33d0d8ad8}</UniqueIdentifier>
    </Filter>
    <Filter Include="Source Files\Shaders\Bezier\Surface">
      <UniqueIdentifier>{5e3850cd-554c-4a25-9609-e80a5e5d63ec}</UniqueIdentifier>
    </Filter>
    <Filter Include="Header Files\Shaders\Bezier\Surfaces">
      <UniqueIdentifier>{a329a161-2f93-47a5-bb86-124586ed8251}</UniqueIdentifier>
    </Filter>
    <Filter Include="Header Files\Windows\BezierSurfacesAdders">
      <UniqueIdentifier>{db45a8e0-d2bc-49e0-8246-10b62ae17bab}</UniqueIdentifier>
    </Filter>
    <Filter Include="Source Files\Windows\BezierSurfaceAdders">
      <UniqueIdentifier>{4e780af8-1564-4964-a2a3-b0c3a6107d2d}</UniqueIdentifier>
    </Filter>
    <Filter Include="Header Files\Serialization">
      <UniqueIdentifier>{fe7be6c3-8eb2-4311-bcb8-452d0772b49b}</UniqueIdentifier>
    </Filter>
    <Filter Include="Source Files\Serialization">
      <UniqueIdentifier>{bc1c1fe0-28c4-4eee-b8c8-68b1e6f7039f}</UniqueIdentifier>
    </Filter>
    <Filter Include="Header Files\Models">
      <UniqueIdentifier>{442e2fcb-bf9c-4442-aa06-e65d9446cb8c}</UniqueIdentifier>
    </Filter>
    <Filter Include="Header Files\Models\Curves">
      <UniqueIdentifier>{a7f56883-e599-4dd2-b2fb-d2358197e64a}</UniqueIdentifier>
    </Filter>
    <Filter Include="Header Files\Models\Surfaces">
      <UniqueIdentifier>{05abcba3-1436-43f8-ac02-7a389ef27f6b}</UniqueIdentifier>
    </Filter>
    <Filter Include="Source Files\Models">
      <UniqueIdentifier>{a34febe4-c0e7-4bb6-a150-cd3d9645d6e7}</UniqueIdentifier>
    </Filter>
    <Filter Include="Source Files\Models\Curves">
      <UniqueIdentifier>{ce683d1d-9f8b-4b78-a94f-622dc0b3139c}</UniqueIdentifier>
    </Filter>
    <Filter Include="Source Files\Models\Surfaces">
      <UniqueIdentifier>{163c1870-18fd-4590-8292-a7f7f25bd484}</UniqueIdentifier>
    </Filter>
    <Filter Include="Header Files\Merger">
      <UniqueIdentifier>{211d8383-710f-4996-9e22-733427e86268}</UniqueIdentifier>
    </Filter>
    <Filter Include="Header Files\Helpers\Visitors">
      <UniqueIdentifier>{07393019-1ae9-4194-8c6f-a1cfb0a67352}</UniqueIdentifier>
    </Filter>
    <Filter Include="Source Files\Helpers\Visitors">
      <UniqueIdentifier>{db92aa29-fdcc-46ad-8aa1-00b55dd65e17}</UniqueIdentifier>
    </Filter>
  </ItemGroup>
  <ItemGroup>
    <ClCompile Include="dxStructures.cpp">
      <Filter>Resource Files</Filter>
    </ClCompile>
    <ClCompile Include="dxDevice.cpp">
      <Filter>Resource Files</Filter>
    </ClCompile>
    <ClCompile Include="application.cpp">
      <Filter>Source Files</Filter>
    </ClCompile>
    <ClCompile Include="ArcCameraModel.cpp">
      <Filter>Source Files\Camera</Filter>
    </ClCompile>
    <ClCompile Include="Torus.cpp">
      <Filter>Source Files\Models</Filter>
    </ClCompile>
    <ClCompile Include="main.cpp">
      <Filter>Source Files</Filter>
    </ClCompile>
    <ClCompile Include="exceptions.cpp">
      <Filter>Resource Files</Filter>
    </ClCompile>
    <ClCompile Include="MouseEvents.cpp">
      <Filter>Source Files\EventsHandlers</Filter>
    </ClCompile>
    <ClCompile Include="Scene.cpp">
      <Filter>Source Files\Scene</Filter>
    </ClCompile>
    <ClCompile Include="PerspectiveCamera.h">
      <Filter>Header Files\Camera</Filter>
    </ClCompile>
    <ClCompile Include="PerspectiveCamera.cpp">
      <Filter>Source Files\Camera</Filter>
    </ClCompile>
    <ClCompile Include="CameraOptionsWindow.cpp">
      <Filter>Source Files\Windows</Filter>
    </ClCompile>
    <ClCompile Include="CursorOptionsWindow.cpp">
      <Filter>Source Files\Windows</Filter>
    </ClCompile>
    <ClCompile Include="Point.cpp">
      <Filter>Source Files\Models</Filter>
    </ClCompile>
    <ClCompile Include="ObjectsListWindow.cpp">
      <Filter>Source Files\Windows</Filter>
    </ClCompile>
    <ClCompile Include="PropertiesWindow.cpp">
      <Filter>Source Files\Windows</Filter>
    </ClCompile>
    <ClCompile Include="MessageHandler.cpp">
      <Filter>Source Files\EventsHandlers</Filter>
    </ClCompile>
    <ClCompile Include="MatrixExt.cpp">
      <Filter>Source Files\Helpers</Filter>
    </ClCompile>
    <ClCompile Include="MeshInfo.cpp">
      <Filter>Source Files\Mesh</Filter>
    </ClCompile>
    <ClCompile Include="CompositeModel.cpp">
      <Filter>Source Files\Models</Filter>
    </ClCompile>
    <ClCompile Include="Coursor3d.cpp">
      <Filter>Source Files\Models</Filter>
    </ClCompile>
    <ClCompile Include="IModel.cpp">
      <Filter>Source Files\Models</Filter>
    </ClCompile>
    <ClCompile Include="VertexModel.cpp">
      <Filter>Source Files\Models</Filter>
    </ClCompile>
    <ClCompile Include="BezierCurveC0.cpp">
      <Filter>Source Files\Models\Curves</Filter>
    </ClCompile>
    <ClCompile Include="IBezierCurve.cpp">
      <Filter>Source Files\Models\Curves</Filter>
    </ClCompile>
    <ClCompile Include="BezierCurveC2.cpp">
      <Filter>Source Files\Models\Curves</Filter>
    </ClCompile>
    <ClCompile Include="KeyboardHandler.cpp">
      <Filter>Source Files\EventsHandlers</Filter>
    </ClCompile>
    <ClCompile Include="VirtualPoint.cpp">
      <Filter>Source Files\Models</Filter>
    </ClCompile>
    <ClCompile Include="BezierCurveInterpolating.cpp">
      <Filter>Source Files\Models\Curves</Filter>
    </ClCompile>
    <ClCompile Include="gsBezier.cpp">
      <Filter>Source Files\Shaders\Bezier</Filter>
    </ClCompile>
    <ClCompile Include="psConstColor.cpp">
      <Filter>Source Files\Shaders</Filter>
    </ClCompile>
    <ClCompile Include="psColor.cpp">
      <Filter>Source Files\Shaders</Filter>
    </ClCompile>
    <ClCompile Include="vsBezier.cpp">
      <Filter>Source Files\Shaders\Bezier</Filter>
    </ClCompile>
    <ClCompile Include="vsColor.cpp">
      <Filter>Source Files\Shaders</Filter>
    </ClCompile>
    <ClCompile Include="vsConstColor.cpp">
      <Filter>Source Files\Shaders</Filter>
    </ClCompile>
    <ClCompile Include="PolygonalChain.cpp">
      <Filter>Source Files\Models</Filter>
    </ClCompile>
    <ClCompile Include="ShadersManager.cpp">
      <Filter>Source Files\Shaders</Filter>
    </ClCompile>
    <ClCompile Include="StereoscopicCamera.cpp">
      <Filter>Source Files\Camera</Filter>
    </ClCompile>
    <ClCompile Include="Camera.cpp">
      <Filter>Source Files\Camera</Filter>
    </ClCompile>
    <ClCompile Include="BezierSurfaceC0.cpp">
      <Filter>Source Files\Models\Surfaces</Filter>
    </ClCompile>
    <ClCompile Include="SingleBezierSurfaceC0.cpp">
      <Filter>Source Files\Models\Surfaces</Filter>
    </ClCompile>
    <ClCompile Include="vsSurfaceBezier.cpp">
      <Filter>Source Files\Shaders\Bezier\Surface</Filter>
    </ClCompile>
    <ClCompile Include="gsSurfaceBezier.cpp">
      <Filter>Source Files\Shaders\Bezier\Surface</Filter>
    </ClCompile>
    <ClCompile Include="ObjectAdderWindow.cpp">
      <Filter>Source Files\Windows</Filter>
    </ClCompile>
    <ClCompile Include="Callback.cpp">
      <Filter>Source Files\Helpers</Filter>
    </ClCompile>
    <ClCompile Include="Named.cpp">
      <Filter>Source Files\Helpers</Filter>
    </ClCompile>
    <ClCompile Include="DebugWindow.cpp">
      <Filter>Source Files\Windows</Filter>
    </ClCompile>
    <ClCompile Include="BezierSurfaceC2.cpp">
      <Filter>Source Files\Models\Surfaces</Filter>
    </ClCompile>
    <ClCompile Include="SingleBezierSurfaceC2.cpp">
      <Filter>Source Files\Models\Surfaces</Filter>
    </ClCompile>
    <ClCompile Include="gsBezierSurfaceC2.cpp">
      <Filter>Source Files\Shaders\Bezier\Surface</Filter>
    </ClCompile>
    <ClCompile Include="BezierSurfaceAdderWindow.cpp">
      <Filter>Source Files\Windows\BezierSurfaceAdders</Filter>
    </ClCompile>
    <ClCompile Include="BezierSurfaceC0AdderWindow.cpp">
      <Filter>Source Files\Windows\BezierSurfaceAdders</Filter>
    </ClCompile>
    <ClCompile Include="BezierSurfaceC2AdderWindow.cpp">
      <Filter>Source Files\Windows\BezierSurfaceAdders</Filter>
    </ClCompile>
    <ClCompile Include="StartWindow.cpp">
      <Filter>Source Files\Windows</Filter>
    </ClCompile>
    <ClCompile Include="SerializationVisitor.cpp">
      <Filter>Source Files\Serialization</Filter>
    </ClCompile>
    <ClCompile Include="SceneLoader.cpp">
      <Filter>Source Files\Serialization</Filter>
    </ClCompile>
    <ClCompile Include="IUnmovableModel.cpp">
      <Filter>Source Files\Models</Filter>
    </ClCompile>
    <ClCompile Include="PointsMerger.cpp">
      <Filter>Source Files</Filter>
    </ClCompile>
    <ClCompile Include="EmptyModelVisitor.cpp">
      <Filter>Source Files\Helpers\Visitors</Filter>
    </ClCompile>
  </ItemGroup>
  <ItemGroup>
    <ClInclude Include="dxptr.h">
      <Filter>Resource Files</Filter>
    </ClInclude>
    <ClInclude Include="dxStructures.h">
      <Filter>Resource Files</Filter>
    </ClInclude>
    <ClInclude Include="dxDevice.h">
      <Filter>Resource Files</Filter>
    </ClInclude>
    <ClInclude Include="application.h">
      <Filter>Header Files</Filter>
    </ClInclude>
    <ClInclude Include="Helpers.h">
      <Filter>Header Files\Helpers</Filter>
    </ClInclude>
    <ClInclude Include="Torus.h">
      <Filter>Header Files\Models</Filter>
    </ClInclude>
    <ClInclude Include="exceptions.h">
      <Filter>Resource Files</Filter>
    </ClInclude>
    <ClInclude Include="MouseEvents.h">
      <Filter>Header Files\EventsHandlers</Filter>
    </ClInclude>
    <ClInclude Include="Scene.h">
      <Filter>Header Files\Scene</Filter>
    </ClInclude>
    <ClInclude Include="CameraOptionsWindow.h">
      <Filter>Header Files\Windows</Filter>
    </ClInclude>
    <ClInclude Include="MVPColorConstantBuffer.h">
      <Filter>Header Files\Buffers</Filter>
    </ClInclude>
    <ClInclude Include="MVPConstantBuffer.h">
      <Filter>Header Files\Buffers</Filter>
    </ClInclude>
    <ClInclude Include="CursorOptionsWindow.h">
      <Filter>Header Files\Windows</Filter>
    </ClInclude>
    <ClInclude Include="Point.h">
      <Filter>Header Files\Models</Filter>
    </ClInclude>
    <ClInclude Include="ObjectsListWindow.h">
      <Filter>Header Files\Windows</Filter>
    </ClInclude>
    <ClInclude Include="MeshInfo.h">
      <Filter>Header Files\Mesh</Filter>
    </ClInclude>
    <ClInclude Include="PropertiesWindow.h">
      <Filter>Header Files\Windows</Filter>
    </ClInclude>
    <ClInclude Include="MessageHandler.h">
      <Filter>Header Files\EventsHandlers</Filter>
    </ClInclude>
    <ClInclude Include="MatrixExt.h">
      <Filter>Header Files\Helpers</Filter>
    </ClInclude>
    <ClInclude Include="Coursor3d.h">
      <Filter>Header Files\Models</Filter>
    </ClInclude>
    <ClInclude Include="IModel.h">
      <Filter>Header Files\Models</Filter>
    </ClInclude>
    <ClInclude Include="VertexModel.h">
      <Filter>Header Files\Models</Filter>
    </ClInclude>
    <ClInclude Include="IBezierCurve.h">
      <Filter>Header Files\Models\Curves</Filter>
    </ClInclude>
    <ClInclude Include="BezierCurveC0.h">
      <Filter>Header Files\Models\Curves</Filter>
    </ClInclude>
    <ClInclude Include="BezierCurveC2.h">
      <Filter>Header Files\Models\Curves</Filter>
    </ClInclude>
    <ClInclude Include="DebugWindow.h">
      <Filter>Header Files\Windows</Filter>
    </ClInclude>
    <ClInclude Include="KeyboardHandler.h">
      <Filter>Header Files\EventsHandlers</Filter>
    </ClInclude>
    <ClInclude Include="MultipleInheritableEnableSharedFromThis.h">
      <Filter>Header Files\Helpers</Filter>
    </ClInclude>
    <ClInclude Include="VirtualPoint.h">
      <Filter>Header Files\Models</Filter>
    </ClInclude>
    <ClInclude Include="BezierCurveInterpolating.h">
      <Filter>Header Files\Models\Curves</Filter>
    </ClInclude>
    <ClInclude Include="vsBezier.h">
      <Filter>Header Files\Shaders\Bezier</Filter>
    </ClInclude>
    <ClInclude Include="gsBezier.h">
      <Filter>Header Files\Shaders\Bezier</Filter>
    </ClInclude>
    <ClInclude Include="CompositeModel.h">
      <Filter>Header Files\Models</Filter>
    </ClInclude>
    <ClInclude Include="psConstColor.h">
      <Filter>Header Files\Shaders</Filter>
    </ClInclude>
    <ClInclude Include="psColor.h">
      <Filter>Header Files\Shaders</Filter>
    </ClInclude>
    <ClInclude Include="vsConstColor.h">
      <Filter>Header Files\Shaders</Filter>
    </ClInclude>
    <ClInclude Include="vsColor.h">
      <Filter>Header Files\Shaders</Filter>
    </ClInclude>
    <ClInclude Include="PolygonalChain.h">
      <Filter>Header Files\Models</Filter>
    </ClInclude>
    <ClInclude Include="ShadersManager.h">
      <Filter>Header Files\Shaders</Filter>
    </ClInclude>
    <ClInclude Include="Camera.h">
      <Filter>Header Files\Camera</Filter>
    </ClInclude>
    <ClInclude Include="StereoscopicCamera.h">
      <Filter>Header Files\Camera</Filter>
    </ClInclude>
    <ClInclude Include="ArcCameraModel.h">
      <Filter>Header Files\Camera\CameraMovement</Filter>
    </ClInclude>
    <ClInclude Include="ICameraMovement.h">
      <Filter>Header Files\Camera\CameraMovement</Filter>
    </ClInclude>
    <ClInclude Include="Named.h">
      <Filter>Header Files\Names</Filter>
    </ClInclude>
    <ClInclude Include="BezierSurfaceC0.h">
      <Filter>Header Files\Models\Surfaces</Filter>
    </ClInclude>
    <ClInclude Include="SingleBezierSurfaceC0.h">
      <Filter>Header Files\Models\Surfaces</Filter>
    </ClInclude>
    <ClInclude Include="vsSurfaceBezier.h">
      <Filter>Header Files\Shaders\Bezier\Surfaces</Filter>
    </ClInclude>
    <ClInclude Include="gsSurfaceBezier.h">
      <Filter>Header Files\Shaders\Bezier\Surfaces</Filter>
    </ClInclude>
    <ClInclude Include="ObjectAdderWindow.h">
      <Filter>Header Files\Windows</Filter>
    </ClInclude>
    <ClInclude Include="IGuiWindow.h">
      <Filter>Header Files\Windows</Filter>
    </ClInclude>
    <ClInclude Include="Callback.h">
      <Filter>Header Files\Helpers</Filter>
    </ClInclude>
    <ClInclude Include="BezierSurfaceC2.h">
      <Filter>Header Files\Models\Surfaces</Filter>
    </ClInclude>
    <ClInclude Include="SingleBezierSurfaceC2.h">
      <Filter>Header Files\Models\Surfaces</Filter>
    </ClInclude>
    <ClInclude Include="gsBezierSurfaceC2.h">
      <Filter>Header Files\Shaders\Bezier\Surfaces</Filter>
    </ClInclude>
    <ClInclude Include="BezierSurfaceAdderWindow.h">
      <Filter>Header Files\Windows\BezierSurfacesAdders</Filter>
    </ClInclude>
    <ClInclude Include="BezierSurfaceC0AdderWindow.h">
      <Filter>Header Files\Windows\BezierSurfacesAdders</Filter>
    </ClInclude>
    <ClInclude Include="BezierSurfaceC2AdderWindow.h">
      <Filter>Header Files\Windows\BezierSurfacesAdders</Filter>
    </ClInclude>
    <ClInclude Include="StartWindow.h">
      <Filter>Header Files\Windows</Filter>
    </ClInclude>
    <ClInclude Include="SerializationVisitor.h">
      <Filter>Header Files\Serialization</Filter>
    </ClInclude>
    <ClInclude Include="SceneLoader.h">
      <Filter>Header Files\Serialization</Filter>
    </ClInclude>
    <ClInclude Include="IUnmovableModel.h">
      <Filter>Header Files\Models</Filter>
    </ClInclude>
    <ClInclude Include="PointsMerger.h">
      <Filter>Header Files\Merger</Filter>
    </ClInclude>
    <ClInclude Include="AbstractModelVisitor.h">
      <Filter>Header Files\Helpers\Visitors</Filter>
    </ClInclude>
    <ClInclude Include="EmptyModelVisitor.h">
      <Filter>Header Files\Helpers\Visitors</Filter>
    </ClInclude>
    <ClInclude Include="ConcreteModelSelectorVisitor.h">
      <Filter>Header Files\Helpers\Visitors</Filter>
    </ClInclude>
  </ItemGroup>
  <ItemGroup>
    <FxCompile Include="psColor.hlsl">
      <Filter>Source Files\Shaders</Filter>
    </FxCompile>
    <FxCompile Include="psConstColor.hlsl">
      <Filter>Source Files\Shaders</Filter>
    </FxCompile>
    <FxCompile Include="gsBezier.hlsl">
      <Filter>Source Files\Shaders\Bezier</Filter>
    </FxCompile>
    <FxCompile Include="vsBezier.hlsl">
      <Filter>Source Files\Shaders\Bezier</Filter>
    </FxCompile>
    <FxCompile Include="vsColor.hlsl">
      <Filter>Source Files\Shaders</Filter>
    </FxCompile>
    <FxCompile Include="vsConstColor.hlsl">
      <Filter>Source Files\Shaders</Filter>
    </FxCompile>
    <FxCompile Include="vsSurfaceBezier.hlsl">
      <Filter>Source Files\Shaders\Bezier\Surface</Filter>
    </FxCompile>
    <FxCompile Include="gsSurfaceBezier.hlsl">
      <Filter>Source Files\Shaders\Bezier\Surface</Filter>
    </FxCompile>
    <FxCompile Include="gsBezierSurfaceC2.hlsl">
      <Filter>Source Files\Shaders\Bezier\Surface</Filter>
    </FxCompile>
  </ItemGroup>
  <ItemGroup>
    <None Include="bezierStructs.hlsli">
      <Filter>Source Files\Shaders\Bezier</Filter>
    </None>
    <None Include="VSColorOut.hlsli">
      <Filter>Source Files\Shaders</Filter>
    </None>
    <None Include="surfaceBezierStructs.hlsli">
      <Filter>Source Files\Shaders\Bezier\Surface</Filter>
    </None>
    <None Include="DeCasteljeu.hlsli">
      <Filter>Source Files\Shaders\Bezier</Filter>
    </None>
    <None Include="DeBoor.hlsli">
      <Filter>Source Files\Shaders\Bezier</Filter>
    </None>
  </ItemGroup>
</Project>