<?xml version="1.0" encoding="utf-8"?>
<Project ToolsVersion="4.0" xmlns="http://schemas.microsoft.com/developer/msbuild/2003">
  <ItemGroup>
    <Filter Include="Source Files">
      <UniqueIdentifier>{4FC737F1-C7A5-4376-A066-2A32D752A2FF}</UniqueIdentifier>
      <Extensions>cpp;c;cc;cxx;c++;cppm;ixx;def;odl;idl;hpj;bat;asm;asmx</Extensions>
    </Filter>
    <Filter Include="Header Files">
      <UniqueIdentifier>{93995380-89BD-4b04-88EB-625FBE52EBFB}</UniqueIdentifier>
      <Extensions>h;hh;hpp;hxx;h++;hm;inl;inc;ipp;xsd</Extensions>
    </Filter>
    <Filter Include="Header Files\Camera">
      <UniqueIdentifier>{9fb8d6c3-be3d-45ad-b156-cd5679b07549}</UniqueIdentifier>
    </Filter>
    <Filter Include="Source Files\Camera">
      <UniqueIdentifier>{5b150b0b-9b79-437c-9eae-d832606ec29b}</UniqueIdentifier>
    </Filter>
    <Filter Include="Header Files\Helpers">
      <UniqueIdentifier>{d47af297-5fec-41ca-b9ea-10c65d71ce3b}</UniqueIdentifier>
    </Filter>
    <Filter Include="Header Files\Windows">
      <UniqueIdentifier>{c620d21c-b3b0-4027-b8b0-a65cf323c461}</UniqueIdentifier>
    </Filter>
    <Filter Include="Resource Files">
      <UniqueIdentifier>{67DA6AB6-F800-4c08-8B7A-83BB121AAD01}</UniqueIdentifier>
      <Extensions>rc;ico;cur;bmp;dlg;rc2;rct;bin;rgs;gif;jpg;jpeg;jpe;resx;tiff;tif;png;wav;mfcribbon-ms</Extensions>
    </Filter>
    <Filter Include="Source Files\Windows">
      <UniqueIdentifier>{81ae7849-1221-4a6c-b878-d8dcda23cc1c}</UniqueIdentifier>
    </Filter>
    <Filter Include="Source Files\EventsHandlers">
      <UniqueIdentifier>{40883cc6-7405-4a6d-af92-4fa654732a54}</UniqueIdentifier>
    </Filter>
    <Filter Include="Source Files\Shaders">
      <UniqueIdentifier>{4dab86a2-5c13-412a-b1ea-f9cffe1e0db8}</UniqueIdentifier>
    </Filter>
    <Filter Include="Header Files\Scene">
      <UniqueIdentifier>{1a8b1c73-18bf-4272-84ae-6583684f9f08}</UniqueIdentifier>
    </Filter>
    <Filter Include="Source Files\Scene">
      <UniqueIdentifier>{931913be-e1f2-4e51-890d-6401b3f412ef}</UniqueIdentifier>
    </Filter>
    <Filter Include="Header Files\Buffers">
      <UniqueIdentifier>{9aaf337d-1dab-467f-aabc-9a8df62e5b70}</UniqueIdentifier>
    </Filter>
    <Filter Include="Header Files\Shaders">
      <UniqueIdentifier>{1c88e624-84c6-4c26-9823-66cfb3c44b55}</UniqueIdentifier>
    </Filter>
    <Filter Include="Header Files\Mesh">
      <UniqueIdentifier>{2c489980-19c5-499c-91c1-bc891257d449}</UniqueIdentifier>
    </Filter>
    <Filter Include="Source Files\Mesh">
      <UniqueIdentifier>{bc543cd8-d5db-4f4d-b1e5-3dc12d6f0c0d}</UniqueIdentifier>
    </Filter>
    <Filter Include="Header Files\EventsHandlers">
      <UniqueIdentifier>{0c423b19-f6d5-4d2a-ab03-9f374e16121c}</UniqueIdentifier>
    </Filter>
    <Filter Include="Source Files\Shaders\Bezier">
      <UniqueIdentifier>{8c3daec4-389d-4249-89e2-6d1f9f74cd62}</UniqueIdentifier>
    </Filter>
    <Filter Include="Header Files\Shaders\Bezier">
      <UniqueIdentifier>{4895a159-d809-49fb-8125-7f2fd95958ea}</UniqueIdentifier>
    </Filter>
    <Filter Include="Header Files\Camera\CameraMovement">
      <UniqueIdentifier>{b92e5dda-3ef5-4aa9-8032-6bb8ded03a49}</UniqueIdentifier>
    </Filter>
    <Filter Include="Source Files\Shaders\Bezier\Surface">
      <UniqueIdentifier>{5e3850cd-554c-4a25-9609-e80a5e5d63ec}</UniqueIdentifier>
    </Filter>
    <Filter Include="Header Files\Shaders\Bezier\Surfaces">
      <UniqueIdentifier>{a329a161-2f93-47a5-bb86-124586ed8251}</UniqueIdentifier>
    </Filter>
    <Filter Include="Header Files\Windows\BezierSurfacesAdders">
      <UniqueIdentifier>{db45a8e0-d2bc-49e0-8246-10b62ae17bab}</UniqueIdentifier>
    </Filter>
    <Filter Include="Source Files\Windows\BezierSurfaceAdders">
      <UniqueIdentifier>{4e780af8-1564-4964-a2a3-b0c3a6107d2d}</UniqueIdentifier>
    </Filter>
    <Filter Include="Header Files\Serialization">
      <UniqueIdentifier>{fe7be6c3-8eb2-4311-bcb8-452d0772b49b}</UniqueIdentifier>
    </Filter>
    <Filter Include="Source Files\Serialization">
      <UniqueIdentifier>{bc1c1fe0-28c4-4eee-b8c8-68b1e6f7039f}</UniqueIdentifier>
    </Filter>
    <Filter Include="Header Files\Models">
      <UniqueIdentifier>{442e2fcb-bf9c-4442-aa06-e65d9446cb8c}</UniqueIdentifier>
    </Filter>
    <Filter Include="Header Files\Models\Curves">
      <UniqueIdentifier>{a7f56883-e599-4dd2-b2fb-d2358197e64a}</UniqueIdentifier>
    </Filter>
    <Filter Include="Header Files\Models\Surfaces">
      <UniqueIdentifier>{05abcba3-1436-43f8-ac02-7a389ef27f6b}</UniqueIdentifier>
    </Filter>
    <Filter Include="Source Files\Models">
      <UniqueIdentifier>{a34febe4-c0e7-4bb6-a150-cd3d9645d6e7}</UniqueIdentifier>
    </Filter>
    <Filter Include="Source Files\Models\Curves">
      <UniqueIdentifier>{ce683d1d-9f8b-4b78-a94f-622dc0b3139c}</UniqueIdentifier>
    </Filter>
    <Filter Include="Source Files\Models\Surfaces">
      <UniqueIdentifier>{163c1870-18fd-4590-8292-a7f7f25bd484}</UniqueIdentifier>
    </Filter>
    <Filter Include="Header Files\Merger">
      <UniqueIdentifier>{211d8383-710f-4996-9e22-733427e86268}</UniqueIdentifier>
    </Filter>
    <Filter Include="Source Files\Merger">
      <UniqueIdentifier>{e27c2900-f229-48b7-9f93-fb03c062c48f}</UniqueIdentifier>
    </Filter>
    <Filter Include="Header Files\Models\Surfaces\C0Surface">
      <UniqueIdentifier>{5d0ee333-2bc8-4e54-8948-3772c710d5d5}</UniqueIdentifier>
    </Filter>
    <Filter Include="Header Files\Models\Surfaces\C2Surface">
      <UniqueIdentifier>{57d43ed0-5a5d-4e7c-8691-a598001d37cc}</UniqueIdentifier>
    </Filter>
    <Filter Include="Source Files\Models\Surfaces\C0Surface">
      <UniqueIdentifier>{efea0777-bc7d-4a77-880f-c59a1f62e817}</UniqueIdentifier>
    </Filter>
    <Filter Include="Source Files\Models\Surfaces\C2Surface">
      <UniqueIdentifier>{ef0f923c-8294-49e2-a8a2-83ae9fa32244}</UniqueIdentifier>
    </Filter>
    <Filter Include="Header Files\Models\Surfaces\Gregory">
      <UniqueIdentifier>{60cac00c-b2e9-49d8-877a-e6cda325d184}</UniqueIdentifier>
    </Filter>
    <Filter Include="Source Files\Models\Surfaces\Gregory">
      <UniqueIdentifier>{36c1fa70-d84d-4a0f-8965-5c4874c69edc}</UniqueIdentifier>
    </Filter>
    <Filter Include="Source Files\Shaders\Gregory">
      <UniqueIdentifier>{c4e84f51-4efa-47f6-9176-9ac1e668ef29}</UniqueIdentifier>
    </Filter>
    <Filter Include="Header Files\Shaders\Gregory">
      <UniqueIdentifier>{ca5385ea-1044-4da3-a2e7-0c28ac84433b}</UniqueIdentifier>
    </Filter>
    <Filter Include="Header Files\Models\Interfaces">
      <UniqueIdentifier>{ca388692-f558-4343-8448-af86a27ef279}</UniqueIdentifier>
    </Filter>
    <Filter Include="Source Files\Models\Interfaces">
      <UniqueIdentifier>{05d48f5e-a0d4-4192-a83b-1e4ec811dec4}</UniqueIdentifier>
    </Filter>
    <Filter Include="Source Files\Camera\CameraMovement">
      <UniqueIdentifier>{4d830ade-f77a-4fe6-822e-916fa29bb265}</UniqueIdentifier>
    </Filter>
    <Filter Include="Header Files\Visitors">
      <UniqueIdentifier>{07393019-1ae9-4194-8c6f-a1cfb0a67352}</UniqueIdentifier>
    </Filter>
    <Filter Include="Source Files\Visitors">
      <UniqueIdentifier>{db92aa29-fdcc-46ad-8aa1-00b55dd65e17}</UniqueIdentifier>
    </Filter>
    <Filter Include="Header Files\Algorithms">
      <UniqueIdentifier>{f54ede51-a7d1-4f78-a2aa-cb01c3d90f14}</UniqueIdentifier>
    </Filter>
    <Filter Include="Header Files\Algorithms\GregoryFinder">
      <UniqueIdentifier>{b75a72eb-777f-4f96-9c67-e3a58c160155}</UniqueIdentifier>
    </Filter>
    <Filter Include="Source Files\Algorithms">
      <UniqueIdentifier>{2a2285c0-1667-4283-b17e-c7046c27578e}</UniqueIdentifier>
    </Filter>
    <Filter Include="Source Files\Algorithms\GregoryFinder">
      <UniqueIdentifier>{f5c72567-3a7c-4d34-8ab4-5aaaa826f149}</UniqueIdentifier>
    </Filter>
    <Filter Include="Header Files\Math">
      <UniqueIdentifier>{fd1fd6e9-0c73-4d5b-ac76-dd9e0e857c09}</UniqueIdentifier>
    </Filter>
    <Filter Include="Header Files\Math\BernsteinHelper">
      <UniqueIdentifier>{d8f09a17-6e50-46ae-b22d-26d5b213679a}</UniqueIdentifier>
    </Filter>
    <Filter Include="Header Files\Algorithms\Intersections">
      <UniqueIdentifier>{bddfe1c8-ea8f-4443-afd2-42b329c73794}</UniqueIdentifier>
    </Filter>
    <Filter Include="Source Files\Algorithms\Intersections">
      <UniqueIdentifier>{53757764-5634-492c-9023-6bd35096f7a6}</UniqueIdentifier>
    </Filter>
    <Filter Include="Source Files\Algorithms\Surfaces">
      <UniqueIdentifier>{3e152efa-c281-473e-a9e2-35cd3472e186}</UniqueIdentifier>
    </Filter>
    <Filter Include="Header Files\Algorithms\Surfaces">
      <UniqueIdentifier>{720d99e7-11df-48bd-a49d-99f53bb91d31}</UniqueIdentifier>
    </Filter>
    <Filter Include="Header Files\Simulation">
      <UniqueIdentifier>{3f7ba4c5-4e6f-4bf2-a292-0d04cb6d6d71}</UniqueIdentifier>
    </Filter>
    <Filter Include="Header Files\Simulation\Paths">
      <UniqueIdentifier>{9080d217-f235-4f0d-8576-275415f95721}</UniqueIdentifier>
    </Filter>
    <Filter Include="Source Files\Simulation">
      <UniqueIdentifier>{97e45766-4621-4b03-b6e3-db3666414a90}</UniqueIdentifier>
    </Filter>
    <Filter Include="Header Files\Simulation\Block">
      <UniqueIdentifier>{1a590a34-c141-4b48-8389-5b8a28596e0d}</UniqueIdentifier>
    </Filter>
    <Filter Include="Source Files\Shaders\Block">
      <UniqueIdentifier>{c645591a-8fa2-4732-9834-dc95692eaa02}</UniqueIdentifier>
    </Filter>
    <Filter Include="Header Files\Shaders\Block">
      <UniqueIdentifier>{6f3e6171-2729-457b-9e58-54c7b0155f67}</UniqueIdentifier>
    </Filter>
    <Filter Include="Source Files\Simulation\Paths">
      <UniqueIdentifier>{149fae15-f179-4aaf-ae68-7f29f20a55d7}</UniqueIdentifier>
    </Filter>
    <Filter Include="Source Files\Simulation\Block">
      <UniqueIdentifier>{d4030ce4-03a3-487f-a084-d4d2c1b65ba9}</UniqueIdentifier>
    </Filter>
    <Filter Include="Source Files\Simulation\Algorithms">
      <UniqueIdentifier>{418c1066-eeff-43cd-8276-07e22132f1fe}</UniqueIdentifier>
    </Filter>
    <Filter Include="Header Files\Simulation\Algorithms">
      <UniqueIdentifier>{b762c71d-ee80-4294-850a-821cbae6734a}</UniqueIdentifier>
    </Filter>
    <Filter Include="Header Files\Simulation\Cutters">
      <UniqueIdentifier>{c1bd19fe-844c-4954-a1e1-3131058bb2d3}</UniqueIdentifier>
    </Filter>
    <Filter Include="Source Files\Simulation\Cutters">
      <UniqueIdentifier>{44865b19-1e3c-4298-b6d4-27bd36c566a2}</UniqueIdentifier>
    </Filter>
    <Filter Include="Header Files\Simulation\Milling">
      <UniqueIdentifier>{c42f0f64-4b72-493f-ade2-3e410b5704db}</UniqueIdentifier>
    </Filter>
    <Filter Include="Source Files\Simulation\Milling">
      <UniqueIdentifier>{574a3e61-c26a-4dc1-b50f-6d3752887dd7}</UniqueIdentifier>
    </Filter>
  </ItemGroup>
  <ItemGroup>
    <ClCompile Include="dxStructures.cpp">
      <Filter>Resource Files</Filter>
    </ClCompile>
    <ClCompile Include="dxDevice.cpp">
      <Filter>Resource Files</Filter>
    </ClCompile>
    <ClCompile Include="application.cpp">
      <Filter>Source Files</Filter>
    </ClCompile>
    <ClCompile Include="Torus.cpp">
      <Filter>Source Files\Models</Filter>
    </ClCompile>
    <ClCompile Include="main.cpp">
      <Filter>Source Files</Filter>
    </ClCompile>
    <ClCompile Include="exceptions.cpp">
      <Filter>Resource Files</Filter>
    </ClCompile>
    <ClCompile Include="MouseEvents.cpp">
      <Filter>Source Files\EventsHandlers</Filter>
    </ClCompile>
    <ClCompile Include="Scene.cpp">
      <Filter>Source Files\Scene</Filter>
    </ClCompile>
    <ClCompile Include="PerspectiveCamera.h">
      <Filter>Header Files\Camera</Filter>
    </ClCompile>
    <ClCompile Include="PerspectiveCamera.cpp">
      <Filter>Source Files\Camera</Filter>
    </ClCompile>
    <ClCompile Include="CameraOptionsWindow.cpp">
      <Filter>Source Files\Windows</Filter>
    </ClCompile>
    <ClCompile Include="CursorOptionsWindow.cpp">
      <Filter>Source Files\Windows</Filter>
    </ClCompile>
    <ClCompile Include="Point.cpp">
      <Filter>Source Files\Models</Filter>
    </ClCompile>
    <ClCompile Include="ObjectsListWindow.cpp">
      <Filter>Source Files\Windows</Filter>
    </ClCompile>
    <ClCompile Include="PropertiesWindow.cpp">
      <Filter>Source Files\Windows</Filter>
    </ClCompile>
    <ClCompile Include="MessageHandler.cpp">
      <Filter>Source Files\EventsHandlers</Filter>
    </ClCompile>
    <ClCompile Include="MeshInfo.cpp">
      <Filter>Source Files\Mesh</Filter>
    </ClCompile>
    <ClCompile Include="CompositeModel.cpp">
      <Filter>Source Files\Models</Filter>
    </ClCompile>
    <ClCompile Include="Cursor3d.cpp">
      <Filter>Source Files\Models</Filter>
    </ClCompile>
    <ClCompile Include="BezierCurveC0.cpp">
      <Filter>Source Files\Models\Curves</Filter>
    </ClCompile>
    <ClCompile Include="IBezierCurve.cpp">
      <Filter>Source Files\Models\Curves</Filter>
    </ClCompile>
    <ClCompile Include="BezierCurveC2.cpp">
      <Filter>Source Files\Models\Curves</Filter>
    </ClCompile>
    <ClCompile Include="KeyboardHandler.cpp">
      <Filter>Source Files\EventsHandlers</Filter>
    </ClCompile>
    <ClCompile Include="VirtualPoint.cpp">
      <Filter>Source Files\Models</Filter>
    </ClCompile>
    <ClCompile Include="BezierCurveInterpolating.cpp">
      <Filter>Source Files\Models\Curves</Filter>
    </ClCompile>
    <ClCompile Include="gsBezier.cpp">
      <Filter>Source Files\Shaders\Bezier</Filter>
    </ClCompile>
    <ClCompile Include="psConstColor.cpp">
      <Filter>Source Files\Shaders</Filter>
    </ClCompile>
    <ClCompile Include="psColor.cpp">
      <Filter>Source Files\Shaders</Filter>
    </ClCompile>
    <ClCompile Include="vsBezier.cpp">
      <Filter>Source Files\Shaders\Bezier</Filter>
    </ClCompile>
    <ClCompile Include="vsColor.cpp">
      <Filter>Source Files\Shaders</Filter>
    </ClCompile>
    <ClCompile Include="vsConstColor.cpp">
      <Filter>Source Files\Shaders</Filter>
    </ClCompile>
    <ClCompile Include="PolygonalChain.cpp">
      <Filter>Source Files\Models</Filter>
    </ClCompile>
    <ClCompile Include="ShadersManager.cpp">
      <Filter>Source Files\Shaders</Filter>
    </ClCompile>
    <ClCompile Include="StereoscopicCamera.cpp">
      <Filter>Source Files\Camera</Filter>
    </ClCompile>
    <ClCompile Include="Camera.cpp">
      <Filter>Source Files\Camera</Filter>
    </ClCompile>
    <ClCompile Include="vsSurfaceBezier.cpp">
      <Filter>Source Files\Shaders\Bezier\Surface</Filter>
    </ClCompile>
    <ClCompile Include="gsSurfaceBezier.cpp">
      <Filter>Source Files\Shaders\Bezier\Surface</Filter>
    </ClCompile>
    <ClCompile Include="ObjectAdderWindow.cpp">
      <Filter>Source Files\Windows</Filter>
    </ClCompile>
    <ClCompile Include="DebugWindow.cpp">
      <Filter>Source Files\Windows</Filter>
    </ClCompile>
    <ClCompile Include="gsBezierSurfaceC2.cpp">
      <Filter>Source Files\Shaders\Bezier\Surface</Filter>
    </ClCompile>
    <ClCompile Include="BezierSurfaceAdderWindow.cpp">
      <Filter>Source Files\Windows\BezierSurfaceAdders</Filter>
    </ClCompile>
    <ClCompile Include="BezierSurfaceC0AdderWindow.cpp">
      <Filter>Source Files\Windows\BezierSurfaceAdders</Filter>
    </ClCompile>
    <ClCompile Include="BezierSurfaceC2AdderWindow.cpp">
      <Filter>Source Files\Windows\BezierSurfaceAdders</Filter>
    </ClCompile>
    <ClCompile Include="StartWindow.cpp">
      <Filter>Source Files\Windows</Filter>
    </ClCompile>
    <ClCompile Include="SerializationVisitor.cpp">
      <Filter>Source Files\Serialization</Filter>
    </ClCompile>
    <ClCompile Include="SceneLoader.cpp">
      <Filter>Source Files\Serialization</Filter>
    </ClCompile>
    <ClCompile Include="EmptyModelVisitor.cpp">
      <Filter>Source Files\Visitors</Filter>
    </ClCompile>
    <ClCompile Include="GregoryFinder.cpp">
      <Filter>Source Files\Algorithms\GregoryFinder</Filter>
    </ClCompile>
    <ClCompile Include="PointsMerger.cpp">
      <Filter>Source Files\Merger</Filter>
    </ClCompile>
    <ClCompile Include="IBezierSurface.cpp">
      <Filter>Source Files\Models\Surfaces</Filter>
    </ClCompile>
    <ClCompile Include="ISingleBezierSurface.cpp">
      <Filter>Source Files\Models\Surfaces</Filter>
    </ClCompile>
    <ClCompile Include="BezierSurfaceC0.cpp">
      <Filter>Source Files\Models\Surfaces\C0Surface</Filter>
    </ClCompile>
    <ClCompile Include="SingleBezierSurfaceC0.cpp">
      <Filter>Source Files\Models\Surfaces\C0Surface</Filter>
    </ClCompile>
    <ClCompile Include="BezierSurfaceC2.cpp">
      <Filter>Source Files\Models\Surfaces\C2Surface</Filter>
    </ClCompile>
    <ClCompile Include="SingleBezierSurfaceC2.cpp">
      <Filter>Source Files\Models\Surfaces\C2Surface</Filter>
    </ClCompile>
    <ClCompile Include="GregoryPatch.cpp">
      <Filter>Source Files\Models\Surfaces\Gregory</Filter>
    </ClCompile>
    <ClCompile Include="SingleGregoryPatch.cpp">
      <Filter>Source Files\Models\Surfaces\Gregory</Filter>
    </ClCompile>
    <ClCompile Include="vsGregory.cpp">
      <Filter>Source Files\Shaders\Gregory</Filter>
    </ClCompile>
    <ClCompile Include="gsGregory.cpp">
      <Filter>Source Files\Shaders\Gregory</Filter>
    </ClCompile>
    <ClCompile Include="GregoryAdderWindow.cpp">
      <Filter>Source Files\Windows</Filter>
    </ClCompile>
    <ClCompile Include="IModel.cpp">
      <Filter>Source Files\Models\Interfaces</Filter>
    </ClCompile>
    <ClCompile Include="IUnmovableModel.cpp">
      <Filter>Source Files\Models\Interfaces</Filter>
    </ClCompile>
    <ClCompile Include="VertexModel.cpp">
      <Filter>Source Files\Models\Interfaces</Filter>
    </ClCompile>
    <ClCompile Include="ArcCameraModel.cpp">
      <Filter>Source Files\Camera\CameraMovement</Filter>
    </ClCompile>
    <ClCompile Include="MatrixExt.cpp">
      <Filter>Source Files\Algorithms</Filter>
    </ClCompile>
    <ClCompile Include="IntersectionFinder.cpp">
      <Filter>Source Files\Algorithms\Intersections</Filter>
    </ClCompile>
    <ClCompile Include="IntersectionCurve.cpp">
      <Filter>Source Files\Models\Curves</Filter>
    </ClCompile>
    <ClCompile Include="IntersecionAdderWindow.cpp">
      <Filter>Source Files\Windows</Filter>
    </ClCompile>
    <ClCompile Include="IParameterized.cpp">
      <Filter>Source Files\Models\Interfaces</Filter>
    </ClCompile>
    <ClCompile Include="ArrayFilter.cpp">
      <Filter>Source Files\Algorithms\Intersections</Filter>
    </ClCompile>
    <ClCompile Include="HalfSurface.cpp">
      <Filter>Source Files\Algorithms\Intersections</Filter>
    </ClCompile>
    <ClCompile Include="SimulationScene.cpp">
      <Filter>Source Files\Scene</Filter>
    </ClCompile>
    <ClCompile Include="IScene.cpp">
      <Filter>Source Files</Filter>
    </ClCompile>
    <ClCompile Include="ModelSceneStartWindow.cpp">
      <Filter>Source Files\Windows</Filter>
    </ClCompile>
    <ClCompile Include="Named.cpp">
      <Filter>Source Files\Models\Interfaces</Filter>
    </ClCompile>
    <ClCompile Include="SimulationSceneStartWindow.cpp">
      <Filter>Source Files\Windows</Filter>
    </ClCompile>
    <ClCompile Include="vsNormal.cpp">
      <Filter>Source Files\Shaders\Block</Filter>
    </ClCompile>
    <ClCompile Include="psNormal.cpp">
      <Filter>Source Files\Shaders\Block</Filter>
    </ClCompile>
    <ClCompile Include="ToolPaths.cpp">
      <Filter>Source Files\Simulation\Paths</Filter>
    </ClCompile>
    <ClCompile Include="ToolPathsReader.cpp">
      <Filter>Source Files\Simulation\Paths</Filter>
    </ClCompile>
    <ClCompile Include="BlockModel.cpp">
      <Filter>Source Files\Simulation\Block</Filter>
    </ClCompile>
    <ClCompile Include="BresenhamsAlgorithm.cpp">
      <Filter>Source Files\Simulation\Algorithms</Filter>
    </ClCompile>
    <ClCompile Include="ICutter.cpp">
      <Filter>Source Files\Simulation\Cutters</Filter>
    </ClCompile>
    <ClCompile Include="FlatCutter.cpp">
      <Filter>Source Files\Simulation\Cutters</Filter>
    </ClCompile>
    <ClCompile Include="SphereCutter.cpp">
      <Filter>Source Files\Simulation\Cutters</Filter>
    </ClCompile>
    <ClCompile Include="MillingSimulator.cpp">
      <Filter>Source Files\Simulation\Milling</Filter>
    </ClCompile>
    <ClCompile Include="CutterModel.cpp">
      <Filter>Source Files\Simulation\Cutters</Filter>
    </ClCompile>
  </ItemGroup>
  <ItemGroup>
    <ClInclude Include="dxptr.h">
      <Filter>Resource Files</Filter>
    </ClInclude>
    <ClInclude Include="dxStructures.h">
      <Filter>Resource Files</Filter>
    </ClInclude>
    <ClInclude Include="dxDevice.h">
      <Filter>Resource Files</Filter>
    </ClInclude>
    <ClInclude Include="application.h">
      <Filter>Header Files</Filter>
    </ClInclude>
    <ClInclude Include="Helpers.h">
      <Filter>Header Files\Helpers</Filter>
    </ClInclude>
    <ClInclude Include="Torus.h">
      <Filter>Header Files\Models</Filter>
    </ClInclude>
    <ClInclude Include="exceptions.h">
      <Filter>Resource Files</Filter>
    </ClInclude>
    <ClInclude Include="MouseEvents.h">
      <Filter>Header Files\EventsHandlers</Filter>
    </ClInclude>
    <ClInclude Include="Scene.h">
      <Filter>Header Files\Scene</Filter>
    </ClInclude>
    <ClInclude Include="CameraOptionsWindow.h">
      <Filter>Header Files\Windows</Filter>
    </ClInclude>
    <ClInclude Include="MVPColorConstantBuffer.h">
      <Filter>Header Files\Buffers</Filter>
    </ClInclude>
    <ClInclude Include="MVPConstantBuffer.h">
      <Filter>Header Files\Buffers</Filter>
    </ClInclude>
    <ClInclude Include="CursorOptionsWindow.h">
      <Filter>Header Files\Windows</Filter>
    </ClInclude>
    <ClInclude Include="Point.h">
      <Filter>Header Files\Models</Filter>
    </ClInclude>
    <ClInclude Include="ObjectsListWindow.h">
      <Filter>Header Files\Windows</Filter>
    </ClInclude>
    <ClInclude Include="MeshInfo.h">
      <Filter>Header Files\Mesh</Filter>
    </ClInclude>
    <ClInclude Include="PropertiesWindow.h">
      <Filter>Header Files\Windows</Filter>
    </ClInclude>
    <ClInclude Include="MessageHandler.h">
      <Filter>Header Files\EventsHandlers</Filter>
    </ClInclude>
    <ClInclude Include="Cursor3d.h">
      <Filter>Header Files\Models</Filter>
    </ClInclude>
    <ClInclude Include="IBezierCurve.h">
      <Filter>Header Files\Models\Curves</Filter>
    </ClInclude>
    <ClInclude Include="BezierCurveC0.h">
      <Filter>Header Files\Models\Curves</Filter>
    </ClInclude>
    <ClInclude Include="BezierCurveC2.h">
      <Filter>Header Files\Models\Curves</Filter>
    </ClInclude>
    <ClInclude Include="DebugWindow.h">
      <Filter>Header Files\Windows</Filter>
    </ClInclude>
    <ClInclude Include="KeyboardHandler.h">
      <Filter>Header Files\EventsHandlers</Filter>
    </ClInclude>
    <ClInclude Include="MultipleInheritableEnableSharedFromThis.h">
      <Filter>Header Files\Helpers</Filter>
    </ClInclude>
    <ClInclude Include="BezierCurveInterpolating.h">
      <Filter>Header Files\Models\Curves</Filter>
    </ClInclude>
    <ClInclude Include="vsBezier.h">
      <Filter>Header Files\Shaders\Bezier</Filter>
    </ClInclude>
    <ClInclude Include="gsBezier.h">
      <Filter>Header Files\Shaders\Bezier</Filter>
    </ClInclude>
    <ClInclude Include="CompositeModel.h">
      <Filter>Header Files\Models</Filter>
    </ClInclude>
    <ClInclude Include="psConstColor.h">
      <Filter>Header Files\Shaders</Filter>
    </ClInclude>
    <ClInclude Include="psColor.h">
      <Filter>Header Files\Shaders</Filter>
    </ClInclude>
    <ClInclude Include="vsConstColor.h">
      <Filter>Header Files\Shaders</Filter>
    </ClInclude>
    <ClInclude Include="vsColor.h">
      <Filter>Header Files\Shaders</Filter>
    </ClInclude>
    <ClInclude Include="PolygonalChain.h">
      <Filter>Header Files\Models</Filter>
    </ClInclude>
    <ClInclude Include="ShadersManager.h">
      <Filter>Header Files\Shaders</Filter>
    </ClInclude>
    <ClInclude Include="Camera.h">
      <Filter>Header Files\Camera</Filter>
    </ClInclude>
    <ClInclude Include="StereoscopicCamera.h">
      <Filter>Header Files\Camera</Filter>
    </ClInclude>
    <ClInclude Include="ArcCameraModel.h">
      <Filter>Header Files\Camera\CameraMovement</Filter>
    </ClInclude>
    <ClInclude Include="ICameraMovement.h">
      <Filter>Header Files\Camera\CameraMovement</Filter>
    </ClInclude>
    <ClInclude Include="vsSurfaceBezier.h">
      <Filter>Header Files\Shaders\Bezier\Surfaces</Filter>
    </ClInclude>
    <ClInclude Include="gsSurfaceBezier.h">
      <Filter>Header Files\Shaders\Bezier\Surfaces</Filter>
    </ClInclude>
    <ClInclude Include="ObjectAdderWindow.h">
      <Filter>Header Files\Windows</Filter>
    </ClInclude>
    <ClInclude Include="IGuiWindow.h">
      <Filter>Header Files\Windows</Filter>
    </ClInclude>
    <ClInclude Include="Callback.h">
      <Filter>Header Files\Helpers</Filter>
    </ClInclude>
    <ClInclude Include="gsBezierSurfaceC2.h">
      <Filter>Header Files\Shaders\Bezier\Surfaces</Filter>
    </ClInclude>
    <ClInclude Include="BezierSurfaceAdderWindow.h">
      <Filter>Header Files\Windows\BezierSurfacesAdders</Filter>
    </ClInclude>
    <ClInclude Include="BezierSurfaceC0AdderWindow.h">
      <Filter>Header Files\Windows\BezierSurfacesAdders</Filter>
    </ClInclude>
    <ClInclude Include="BezierSurfaceC2AdderWindow.h">
      <Filter>Header Files\Windows\BezierSurfacesAdders</Filter>
    </ClInclude>
    <ClInclude Include="StartWindow.h">
      <Filter>Header Files\Windows</Filter>
    </ClInclude>
    <ClInclude Include="SerializationVisitor.h">
      <Filter>Header Files\Serialization</Filter>
    </ClInclude>
    <ClInclude Include="SceneLoader.h">
      <Filter>Header Files\Serialization</Filter>
    </ClInclude>
    <ClInclude Include="PointsMerger.h">
      <Filter>Header Files\Merger</Filter>
    </ClInclude>
    <ClInclude Include="AbstractModelVisitor.h">
      <Filter>Header Files\Visitors</Filter>
    </ClInclude>
    <ClInclude Include="EmptyModelVisitor.h">
      <Filter>Header Files\Visitors</Filter>
    </ClInclude>
    <ClInclude Include="ConcreteModelSelectorVisitor.h">
      <Filter>Header Files\Visitors</Filter>
    </ClInclude>
    <ClInclude Include="GregoryFinder.h">
      <Filter>Header Files\Algorithms\GregoryFinder</Filter>
    </ClInclude>
    <ClInclude Include="PatchSide.h">
      <Filter>Header Files\Algorithms\GregoryFinder</Filter>
    </ClInclude>
    <ClInclude Include="PointSurfacePair.h">
      <Filter>Header Files\Algorithms\GregoryFinder</Filter>
    </ClInclude>
    <ClInclude Include="Node.h">
      <Filter>Header Files\Algorithms\GregoryFinder</Filter>
    </ClInclude>
    <ClInclude Include="IBezierSurface.h">
      <Filter>Header Files\Models\Surfaces</Filter>
    </ClInclude>
    <ClInclude Include="ISingleBezierSurface.h">
      <Filter>Header Files\Models\Surfaces</Filter>
    </ClInclude>
    <ClInclude Include="SingleBezierSurfaceC0.h">
      <Filter>Header Files\Models\Surfaces\C0Surface</Filter>
    </ClInclude>
    <ClInclude Include="BezierSurfaceC2.h">
      <Filter>Header Files\Models\Surfaces\C2Surface</Filter>
    </ClInclude>
    <ClInclude Include="GregoryPatch.h">
      <Filter>Header Files\Models\Surfaces\Gregory</Filter>
    </ClInclude>
    <ClInclude Include="SingleGregoryPatch.h">
      <Filter>Header Files\Models\Surfaces\Gregory</Filter>
    </ClInclude>
    <ClInclude Include="BernsteinHelper.h">
      <Filter>Header Files\Math\BernsteinHelper</Filter>
    </ClInclude>
    <ClInclude Include="vsGregory.h">
      <Filter>Header Files\Shaders\Gregory</Filter>
    </ClInclude>
    <ClInclude Include="gsGregory.h">
      <Filter>Header Files\Shaders\Gregory</Filter>
    </ClInclude>
    <ClInclude Include="GregoryAdderWindow.h">
      <Filter>Header Files\Windows</Filter>
    </ClInclude>
    <ClInclude Include="IUnmovableModel.h">
      <Filter>Header Files\Models\Interfaces</Filter>
    </ClInclude>
    <ClInclude Include="IModel.h">
      <Filter>Header Files\Models\Interfaces</Filter>
    </ClInclude>
    <ClInclude Include="VertexModel.h">
      <Filter>Header Files\Models\Interfaces</Filter>
    </ClInclude>
    <ClInclude Include="VirtualPoint.h">
      <Filter>Header Files\Models</Filter>
    </ClInclude>
    <ClInclude Include="SolveTriDiagonalMatrix.h">
      <Filter>Header Files\Math</Filter>
    </ClInclude>
    <ClInclude Include="MatrixExt.h">
      <Filter>Header Files\Math</Filter>
    </ClInclude>
    <ClInclude Include="IParameterized.h">
      <Filter>Header Files\Models\Interfaces</Filter>
    </ClInclude>
    <ClInclude Include="IntersectionFinder.h">
      <Filter>Header Files\Algorithms\Intersections</Filter>
    </ClInclude>
    <ClInclude Include="IntersecionAdderWindow.h">
      <Filter>Header Files\Windows</Filter>
    </ClInclude>
    <ClInclude Include="SingleSurfaceParameter.h">
      <Filter>Header Files\Models\Surfaces</Filter>
    </ClInclude>
    <ClInclude Include="IntersectionCurve.h">
      <Filter>Header Files\Models\Curves</Filter>
    </ClInclude>
    <ClInclude Include="IFilter.h">
      <Filter>Header Files\Models\Interfaces</Filter>
    </ClInclude>
    <ClInclude Include="ArrayFilter.h">
      <Filter>Header Files\Algorithms\Intersections</Filter>
    </ClInclude>
    <ClInclude Include="BezierSurfaceC0.h">
      <Filter>Header Files\Models\Surfaces\C0Surface</Filter>
    </ClInclude>
    <ClInclude Include="SingleBezierSurfaceC2.h">
      <Filter>Header Files\Models\Surfaces\C2Surface</Filter>
    </ClInclude>
    <ClInclude Include="Pair.h">
      <Filter>Header Files\Helpers</Filter>
    </ClInclude>
    <ClInclude Include="IntersectionPoint.h">
      <Filter>Header Files\Algorithms\Surfaces</Filter>
    </ClInclude>
    <ClInclude Include="HalfSurface.h">
      <Filter>Header Files\Algorithms\Intersections</Filter>
    </ClInclude>
    <ClInclude Include="SimulationScene.h">
      <Filter>Header Files\Scene</Filter>
    </ClInclude>
    <ClInclude Include="IScene.h">
      <Filter>Header Files\Scene</Filter>
    </ClInclude>
    <ClInclude Include="ToolPaths.h">
      <Filter>Header Files\Simulation\Paths</Filter>
    </ClInclude>
    <ClInclude Include="ModelSceneStartWindow.h">
      <Filter>Header Files\Windows</Filter>
    </ClInclude>
    <ClInclude Include="Named.h">
      <Filter>Header Files\Models\Interfaces</Filter>
    </ClInclude>
    <ClInclude Include="SimulationSceneStartWindow.h">
      <Filter>Header Files\Windows</Filter>
    </ClInclude>
    <ClInclude Include="ToolPathsReader.h">
      <Filter>Header Files\Simulation\Paths</Filter>
    </ClInclude>
    <ClInclude Include="StringExtensions.h">
      <Filter>Header Files\Helpers</Filter>
    </ClInclude>
    <ClInclude Include="BlockModel.h">
      <Filter>Header Files\Simulation\Block</Filter>
    </ClInclude>
    <ClInclude Include="vsNormal.h">
      <Filter>Header Files\Shaders\Block</Filter>
    </ClInclude>
    <ClInclude Include="psNormal.h">
      <Filter>Header Files\Shaders\Block</Filter>
    </ClInclude>
    <ClInclude Include="BresenhamsAlgorithm.h">
      <Filter>Header Files\Simulation\Algorithms</Filter>
    </ClInclude>
    <ClInclude Include="ICutter.h">
      <Filter>Header Files\Simulation\Cutters</Filter>
    </ClInclude>
    <ClInclude Include="FlatCutter.h">
      <Filter>Header Files\Simulation\Cutters</Filter>
    </ClInclude>
    <ClInclude Include="SphereCutter.h">
      <Filter>Header Files\Simulation\Cutters</Filter>
    </ClInclude>
    <ClInclude Include="MillingSimulator.h">
      <Filter>Header Files\Simulation\Milling</Filter>
    </ClInclude>
    <ClInclude Include="CutterModel.h">
      <Filter>Header Files\Simulation\Cutters</Filter>
    </ClInclude>
  </ItemGroup>
  <ItemGroup>
    <FxCompile Include="psColor.hlsl">
      <Filter>Source Files\Shaders</Filter>
    </FxCompile>
    <FxCompile Include="psConstColor.hlsl">
      <Filter>Source Files\Shaders</Filter>
    </FxCompile>
    <FxCompile Include="gsBezier.hlsl">
      <Filter>Source Files\Shaders\Bezier</Filter>
    </FxCompile>
    <FxCompile Include="vsBezier.hlsl">
      <Filter>Source Files\Shaders\Bezier</Filter>
    </FxCompile>
    <FxCompile Include="vsColor.hlsl">
      <Filter>Source Files\Shaders</Filter>
    </FxCompile>
    <FxCompile Include="vsConstColor.hlsl">
      <Filter>Source Files\Shaders</Filter>
    </FxCompile>
    <FxCompile Include="vsSurfaceBezier.hlsl">
      <Filter>Source Files\Shaders\Bezier\Surface</Filter>
    </FxCompile>
    <FxCompile Include="gsSurfaceBezier.hlsl">
      <Filter>Source Files\Shaders\Bezier\Surface</Filter>
    </FxCompile>
    <FxCompile Include="gsBezierSurfaceC2.hlsl">
      <Filter>Source Files\Shaders\Bezier\Surface</Filter>
    </FxCompile>
    <FxCompile Include="vsGregory.hlsl">
      <Filter>Source Files\Shaders\Gregory</Filter>
    </FxCompile>
    <FxCompile Include="gsGregory.hlsl">
      <Filter>Source Files\Shaders\Gregory</Filter>
    </FxCompile>
    <FxCompile Include="vsNormal.hlsl">
      <Filter>Source Files\Shaders\Block</Filter>
    </FxCompile>
    <FxCompile Include="psNormal.hlsl">
      <Filter>Source Files\Shaders\Block</Filter>
    </FxCompile>
  </ItemGroup>
  <ItemGroup>
    <None Include="bezierStructs.hlsli">
      <Filter>Source Files\Shaders\Bezier</Filter>
    </None>
    <None Include="VSColorOut.hlsli">
      <Filter>Source Files\Shaders</Filter>
    </None>
    <None Include="surfaceBezierStructs.hlsli">
      <Filter>Source Files\Shaders\Bezier\Surface</Filter>
    </None>
    <None Include="DeCasteljeu.hlsli">
      <Filter>Source Files\Shaders\Bezier</Filter>
    </None>
    <None Include="DeBoor.hlsli">
      <Filter>Source Files\Shaders\Bezier</Filter>
    </None>
    <None Include="gregoryHeader.hlsli">
      <Filter>Source Files\Shaders\Gregory</Filter>
    </None>
    <None Include="GetUV.hlsli">
      <Filter>Source Files\Shaders\Bezier\Surface</Filter>
    </None>
    <None Include="normalHeader.hlsli">
      <Filter>Source Files\Shaders\Block</Filter>
    </None>
  </ItemGroup>
</Project>